{
    "version": 3,
    "terraform_version": "0.11.13",
    "serial": 3,
    "lineage": "cf2bbcaa-4ad1-e647-57d1-1690b0401736",
    "modules": [
        {
            "path": [
                "root"
            ],
            "outputs": {},
            "resources": {},
            "depends_on": []
        },
        {
            "path": [
                "root",
                "cluster-gke-beta-b"
            ],
            "outputs": {},
            "resources": {},
            "depends_on": []
        },
        {
            "path": [
                "root",
                "instance-a"
            ],
            "outputs": {},
            "resources": {
                "google_sql_database_instance.instance-a": {
                    "type": "google_sql_database_instance",
                    "depends_on": [],
                    "primary": {
                        "id": "tf-spundan-mysql-demo-5",
                        "attributes": {
                            "connection_name": "vpc-mysql-gke-demo:asia-southeast1:tf-spundan-mysql-demo-5",
                            "database_version": "MYSQL_5_6",
                            "first_ip_address": "34.87.20.16",
                            "id": "tf-spundan-mysql-demo-5",
                            "ip_address.#": "1",
                            "ip_address.0.ip_address": "34.87.20.16",
                            "ip_address.0.time_to_retire": "",
                            "ip_address.0.type": "PRIMARY",
                            "master_instance_name": "",
                            "name": "tf-spundan-mysql-demo-5",
                            "private_ip_address": "",
                            "project": "vpc-mysql-gke-demo",
                            "public_ip_address": "34.87.20.16",
                            "region": "asia-southeast1",
                            "replica_configuration.#": "0",
                            "self_link": "https://www.googleapis.com/sql/v1beta4/projects/vpc-mysql-gke-demo/instances/tf-spundan-mysql-demo-5",
                            "server_ca_cert.#": "1",
                            "server_ca_cert.0.cert": "-----BEGIN CERTIFICATE-----\nMIIDfzCCAmegAwIBAgIBADANBgkqhkiG9w0BAQsFADB3MS0wKwYDVQQuEyRkYjhi\nOTRlZC0xYzdlLTQxNGEtYTFkNC0yMzFmNGIxNGJhNmUxIzAhBgNVBAMTGkdvb2ds\nZSBDbG91ZCBTUUwgU2VydmVyIENBMRQwEgYDVQQKEwtHb29nbGUsIEluYzELMAkG\nA1UEBhMCVVMwHhcNMTkxMDE2MDY1NDM2WhcNMjkxMDEzMDY1NTM2WjB3MS0wKwYD\nVQQuEyRkYjhiOTRlZC0xYzdlLTQxNGEtYTFkNC0yMzFmNGIxNGJhNmUxIzAhBgNV\nBAMTGkdvb2dsZSBDbG91ZCBTUUwgU2VydmVyIENBMRQwEgYDVQQKEwtHb29nbGUs\nIEluYzELMAkGA1UEBhMCVVMwggEiMA0GCSqGSIb3DQEBAQUAA4IBDwAwggEKAoIB\nAQCelDvmcMDCO4bA1XtP8CQjK5I7XBd3pvjN+vCguQ1xe4MhKCXstEICbztSKE7X\nTcGLJZk9KKTcbiSmKT4cLWCNGvou+gOIkpWRMMSFxyQ0IzDWdtIQv7WieDEXebC1\nsMmtyu/pIlaEwVXVSmfh749BiOh/MxGIq7p/zuSLDpBZnc0EPmhW8Rh21SyxKc18\nJ4c9hwP5g7IzismxYh4Lmm6c7ZLdA6ZQLJJIYaasvc6meDd0PLNZWIVEY/wNrnew\nZuVgiOsZ35q/NVwt7dM7NNOQZCMvkzWlVnRnoSgXiaVritN9J1Vdzpzro81kSsMJ\nF9ViZEO5aL9+h2rHhcwF24P3AgMBAAGjFjAUMBIGA1UdEwEB/wQIMAYBAf8CAQAw\nDQYJKoZIhvcNAQELBQADggEBAEUxs/08Gglwr1SzfKkOTApfeJIrFK23M0GfAQx5\ng/8aYJ8ENj/91OhWkpzB35JL/eZ0N7igZRMZbqJxsOfc1D6jlqY9TOqHT1e0tGRR\nxQO8isPk5bjq6Us+MgQj2pqkd7sLwmfm5VmbYg8lhGrWUyRIwe1OrnFV2HshML3o\n52WcB1EhrhmPDzCScAcAd7Jh6ekeEC61NOyiMmOP91r4FERPXW6lnD6ZjPpk+tRj\ntYtsXgRqreU10hkki6Q8+9YxfxTvOBebciXgbsSND4u2B8fiPi8E3qYqT2YWlJo3\nykRfxOlKZzQDxQIMfWQfmzeqdnIsYcthdRR86cOkLQ6vCkw=\n-----END CERTIFICATE-----",
                            "server_ca_cert.0.common_name": "C=US,O=Google\\, Inc,CN=Google Cloud SQL Server CA,dnQualifier=db8b94ed-1c7e-414a-a1d4-231f4b14ba6e",
                            "server_ca_cert.0.create_time": "2019-10-16T06:54:36.790Z",
                            "server_ca_cert.0.expiration_time": "2029-10-13T06:55:36.790Z",
                            "server_ca_cert.0.sha1_fingerprint": "843dfa03d44abc9e87debb91c43d0405eef6f8ac",
                            "service_account_email_address": "p706074789964-r9bf9k@gcp-sa-cloud-sql.iam.gserviceaccount.com",
                            "settings.#": "1",
                            "settings.0.activation_policy": "ALWAYS",
                            "settings.0.authorized_gae_applications.#": "0",
                            "settings.0.availability_type": "",
                            "settings.0.backup_configuration.#": "1",
                            "settings.0.backup_configuration.0.binary_log_enabled": "false",
                            "settings.0.backup_configuration.0.enabled": "false",
                            "settings.0.backup_configuration.0.start_time": "15:00",
                            "settings.0.crash_safe_replication": "false",
                            "settings.0.database_flags.#": "0",
                            "settings.0.disk_autoresize": "true",
                            "settings.0.disk_size": "10",
                            "settings.0.disk_type": "PD_SSD",
                            "settings.0.ip_configuration.#": "1",
                            "settings.0.ip_configuration.0.authorized_networks.#": "0",
                            "settings.0.ip_configuration.0.ipv4_enabled": "true",
                            "settings.0.ip_configuration.0.private_network": "",
                            "settings.0.ip_configuration.0.require_ssl": "false",
                            "settings.0.location_preference.#": "1",
                            "settings.0.location_preference.0.follow_gae_application": "",
                            "settings.0.location_preference.0.zone": "asia-southeast1-a",
                            "settings.0.maintenance_window.#": "0",
                            "settings.0.pricing_plan": "PER_USE",
                            "settings.0.replication_type": "SYNCHRONOUS",
                            "settings.0.tier": "db-f1-micro",
                            "settings.0.user_labels.%": "0",
                            "settings.0.version": "1"
                        },
                        "meta": {
                            "e2bfb730-ecaa-11e6-8f88-34363bc7c4c0": {
                                "create": 1200000000000,
                                "delete": 1200000000000,
                                "update": 1200000000000
                            }
                        },
                        "tainted": false
                    },
                    "deposed": [],
                    "provider": "provider.google"
                }
            },
            "depends_on": []
        },
        {
            "path": [
                "root",
                "vpc"
            ],
            "outputs": {},
            "resources": {},
            "depends_on": []
        }
    ]
}
