{
    "version": 3,
    "terraform_version": "0.11.13",
    "serial": 3,
    "lineage": "cf2bbcaa-4ad1-e647-57d1-1690b0401736",
    "modules": [
        {
            "path": [
                "root"
            ],
            "outputs": {},
            "resources": {},
            "depends_on": []
        },
        {
            "path": [
                "root",
                "cluster-gke-beta-b"
            ],
            "outputs": {},
            "resources": {
                "google_container_cluster.cluster-gke-beta-b": {
                    "type": "google_container_cluster",
                    "depends_on": [],
                    "primary": {
                        "id": "my-first-gke-cluster-b",
                        "attributes": {
                            "additional_zones.#": "0",
                            "addons_config.#": "1",
                            "addons_config.0.horizontal_pod_autoscaling.#": "0",
                            "addons_config.0.http_load_balancing.#": "0",
                            "addons_config.0.kubernetes_dashboard.#": "1",
                            "addons_config.0.kubernetes_dashboard.0.disabled": "true",
                            "addons_config.0.network_policy_config.#": "1",
                            "addons_config.0.network_policy_config.0.disabled": "true",
                            "cluster_autoscaling.#": "0",
                            "cluster_ipv4_cidr": "10.16.0.0/14",
                            "default_max_pods_per_node": "110",
                            "description": "",
                            "enable_kubernetes_alpha": "false",
                            "enable_legacy_abac": "false",
                            "endpoint": "104.199.108.90",
                            "id": "my-first-gke-cluster-b",
                            "initial_node_count": "1",
                            "instance_group_urls.#": "1",
                            "instance_group_urls.0": "https://www.googleapis.com/compute/v1/projects/vpc-mysql-gke-demo/zones/europe-west1-b/instanceGroups/gke-my-first-gke-cluster-default-pool-20ba8379-grp",
                            "ip_allocation_policy.#": "0",
                            "location": "europe-west1-b",
                            "logging_service": "logging.googleapis.com",
                            "maintenance_policy.#": "0",
                            "master_auth.#": "1",
                            "master_auth.0.client_certificate": "",
                            "master_auth.0.client_certificate_config.#": "1",
                            "master_auth.0.client_certificate_config.0.issue_client_certificate": "false",
                            "master_auth.0.client_key": "",
                            "master_auth.0.cluster_ca_certificate": "LS0tLS1CRUdJTiBDRVJUSUZJQ0FURS0tLS0tCk1JSURDekNDQWZPZ0F3SUJBZ0lRQXc3RmlMdkNTckpaSXMyd2ZFb1MrakFOQmdrcWhraUc5dzBCQVFzRkFEQXYKTVMwd0t3WURWUVFERXlSaFpqa3haVFF6WmkwMU1EUmxMVFJoTkRZdE9XWTBaaTAwWVRJNFlUY3lZelE0WkRZdwpIaGNOTVRreE1ERTJNRFl3TWpBNVdoY05NalF4TURFME1EY3dNakE1V2pBdk1TMHdLd1lEVlFRREV5Umhaamt4ClpUUXpaaTAxTURSbExUUmhORFl0T1dZMFppMDBZVEk0WVRjeVl6UTRaRFl3Z2dFaU1BMEdDU3FHU0liM0RRRUIKQVFVQUE0SUJEd0F3Z2dFS0FvSUJBUUNwTWs3SGFGWmFwM1ovUEpVYU5VSzRMcWdDYXlEY2xxVm0zR2ZxNk5ScQpKcmx3UGNkRE5Zd1JxUGhFMVJZWVNGTTNUSzdLUmtqRCtLTXJBMnRtQ0NVeHVTOGhOaVdmWGdvTTJBeUxCY3lFCndiSVNjYUJ0ZENsZ2QzYit4NUUyZ2E5THlXVE42M1BocCtsNmNHOGdDbVQxMThycVZjVnhHSFZLTHNtK1JIK0gKU0Q0cHVTYzRIZkxpOHBGN3RUQktXSk1vdzNaUjFtVG0zT2kwcDhWV2pvTzFORkdIRkJOT3RiVnFzb2ZMb3ZEKwp4VEtRcGNqcGdCZzdlUEdNSzR1MWJ1ZEtKV3FnVzBGOWFyOHZMTUZOc0ZGRFF3NEd2NEg5K2E5RVV5elM2TTFKCk9Ld3VKKytmOE93VWRHMGJIQXBwb3NVKzgwdjlRb3JJdlQ4N3hnemJUa1ZQQWdNQkFBR2pJekFoTUE0R0ExVWQKRHdFQi93UUVBd0lDQkRBUEJnTlZIUk1CQWY4RUJUQURBUUgvTUEwR0NTcUdTSWIzRFFFQkN3VUFBNElCQVFBcQo3V3V4TWx4R3B1U2FCNk5wWFlZUmsxN2ZpS0g3ZVF6UDlzUUlUWVBHa0dqVEQ2Yms4ajIxU05DMmxHaXhmL0RPCnk3RHNKQXQ3OHNncm80MncwenNnNjZkUHJ2U1NJaDBlbC9LUmdQZm5Dbm1WR2F1aGg4bTlnUTZJeWVJcjJBOE4KYjk1dTU5VmxYaU1KUlNkRjh3bE4vdDZEQjVWUitWd0hoZVFZU1JtUnV4bFFBM2x0emMyYU1pUHBBSmxxMjVtMQpTTWRKRDZIc2pnb0RlOEo0dFRacUlzTThxTVI5UXZCSFRQR2FVeGw3YzkyZlpJMURtanhnWkVMRHlXWHV4bFEyCnlUOFRmQ3dzVmtyZDFkUVJ0RXVWUGhjZXp2UURUam9MaTA3aVY3V09KclBndnpmN2JzNTArYmFGYkZNbGVjcjIKaWlRbkRxSzUwWVBVRHVtVFZ3eG4KLS0tLS1FTkQgQ0VSVElGSUNBVEUtLS0tLQo=",
                            "master_auth.0.password": "",
                            "master_auth.0.username": "",
                            "master_authorized_networks_config.#": "0",
                            "master_version": "1.13.10-gke.0",
                            "monitoring_service": "monitoring.googleapis.com",
                            "name": "my-first-gke-cluster-b",
                            "network": "projects/vpc-mysql-gke-demo/global/networks/default",
                            "network_policy.#": "1",
                            "network_policy.0.enabled": "false",
                            "network_policy.0.provider": "PROVIDER_UNSPECIFIED",
                            "node_config.#": "1",
                            "node_config.0.disk_size_gb": "100",
                            "node_config.0.disk_type": "pd-standard",
                            "node_config.0.guest_accelerator.#": "0",
                            "node_config.0.image_type": "COS",
                            "node_config.0.labels.%": "0",
                            "node_config.0.local_ssd_count": "0",
                            "node_config.0.machine_type": "n1-standard-1",
                            "node_config.0.metadata.%": "1",
                            "node_config.0.metadata.disable-legacy-endpoints": "true",
                            "node_config.0.min_cpu_platform": "",
                            "node_config.0.oauth_scopes.#": "6",
                            "node_config.0.oauth_scopes.1277378754": "https://www.googleapis.com/auth/monitoring",
                            "node_config.0.oauth_scopes.1632638332": "https://www.googleapis.com/auth/devstorage.read_only",
                            "node_config.0.oauth_scopes.172152165": "https://www.googleapis.com/auth/logging.write",
                            "node_config.0.oauth_scopes.316356861": "https://www.googleapis.com/auth/service.management.readonly",
                            "node_config.0.oauth_scopes.3663490875": "https://www.googleapis.com/auth/servicecontrol",
                            "node_config.0.oauth_scopes.3859019814": "https://www.googleapis.com/auth/trace.append",
                            "node_config.0.preemptible": "false",
                            "node_config.0.sandbox_config.#": "0",
                            "node_config.0.service_account": "default",
                            "node_config.0.tags.#": "0",
                            "node_config.0.taint.#": "0",
                            "node_config.0.workload_metadata_config.#": "0",
                            "node_locations.#": "0",
                            "node_pool.#": "1",
                            "node_pool.0.autoscaling.#": "0",
                            "node_pool.0.initial_node_count": "1",
                            "node_pool.0.instance_group_urls.#": "1",
                            "node_pool.0.instance_group_urls.0": "https://www.googleapis.com/compute/v1/projects/vpc-mysql-gke-demo/zones/europe-west1-b/instanceGroupManagers/gke-my-first-gke-cluster-default-pool-20ba8379-grp",
                            "node_pool.0.management.#": "1",
                            "node_pool.0.management.0.auto_repair": "false",
                            "node_pool.0.management.0.auto_upgrade": "false",
                            "node_pool.0.max_pods_per_node": "0",
                            "node_pool.0.name": "default-pool",
                            "node_pool.0.name_prefix": "",
                            "node_pool.0.node_config.#": "1",
                            "node_pool.0.node_config.0.disk_size_gb": "100",
                            "node_pool.0.node_config.0.disk_type": "pd-standard",
                            "node_pool.0.node_config.0.guest_accelerator.#": "0",
                            "node_pool.0.node_config.0.image_type": "COS",
                            "node_pool.0.node_config.0.labels.%": "0",
                            "node_pool.0.node_config.0.local_ssd_count": "0",
                            "node_pool.0.node_config.0.machine_type": "n1-standard-1",
                            "node_pool.0.node_config.0.metadata.%": "1",
                            "node_pool.0.node_config.0.metadata.disable-legacy-endpoints": "true",
                            "node_pool.0.node_config.0.min_cpu_platform": "",
                            "node_pool.0.node_config.0.oauth_scopes.#": "6",
                            "node_pool.0.node_config.0.oauth_scopes.1277378754": "https://www.googleapis.com/auth/monitoring",
                            "node_pool.0.node_config.0.oauth_scopes.1632638332": "https://www.googleapis.com/auth/devstorage.read_only",
                            "node_pool.0.node_config.0.oauth_scopes.172152165": "https://www.googleapis.com/auth/logging.write",
                            "node_pool.0.node_config.0.oauth_scopes.316356861": "https://www.googleapis.com/auth/service.management.readonly",
                            "node_pool.0.node_config.0.oauth_scopes.3663490875": "https://www.googleapis.com/auth/servicecontrol",
                            "node_pool.0.node_config.0.oauth_scopes.3859019814": "https://www.googleapis.com/auth/trace.append",
                            "node_pool.0.node_config.0.preemptible": "false",
                            "node_pool.0.node_config.0.sandbox_config.#": "0",
                            "node_pool.0.node_config.0.service_account": "default",
                            "node_pool.0.node_config.0.tags.#": "0",
                            "node_pool.0.node_config.0.taint.#": "0",
                            "node_pool.0.node_config.0.workload_metadata_config.#": "0",
                            "node_pool.0.node_count": "1",
                            "node_pool.0.version": "1.13.10-gke.0",
                            "node_version": "1.13.10-gke.0",
                            "private_cluster_config.#": "0",
                            "project": "vpc-mysql-gke-demo",
                            "resource_labels.%": "0",
                            "services_ipv4_cidr": "10.19.240.0/20",
                            "subnetwork": "projects/vpc-mysql-gke-demo/regions/europe-west1/subnetworks/default",
                            "zone": "europe-west1-b"
                        },
                        "meta": {
                            "e2bfb730-ecaa-11e6-8f88-34363bc7c4c0": {
                                "create": 1800000000000,
                                "delete": 1800000000000,
                                "update": 3600000000000
                            },
                            "schema_version": "1"
                        },
                        "tainted": false
                    },
                    "deposed": [],
                    "provider": "provider.google"
                }
            },
            "depends_on": []
        },
        {
            "path": [
                "root",
                "instance-a"
            ],
            "outputs": {},
            "resources": {
                "google_sql_database_instance.instance-a": {
                    "type": "google_sql_database_instance",
                    "depends_on": [],
                    "primary": {
                        "id": "tf-spundan-mysql-demo-5",
                        "attributes": {
                            "connection_name": "vpc-mysql-gke-demo:asia-southeast1:tf-spundan-mysql-demo-5",
                            "database_version": "MYSQL_5_6",
                            "first_ip_address": "34.87.20.16",
                            "id": "tf-spundan-mysql-demo-5",
                            "ip_address.#": "1",
                            "ip_address.0.ip_address": "34.87.20.16",
                            "ip_address.0.time_to_retire": "",
                            "ip_address.0.type": "PRIMARY",
                            "master_instance_name": "",
                            "name": "tf-spundan-mysql-demo-5",
                            "private_ip_address": "",
                            "project": "vpc-mysql-gke-demo",
                            "public_ip_address": "34.87.20.16",
                            "region": "asia-southeast1",
                            "replica_configuration.#": "0",
                            "self_link": "https://www.googleapis.com/sql/v1beta4/projects/vpc-mysql-gke-demo/instances/tf-spundan-mysql-demo-5",
                            "server_ca_cert.#": "1",
                            "server_ca_cert.0.cert": "-----BEGIN CERTIFICATE-----\nMIIDfzCCAmegAwIBAgIBADANBgkqhkiG9w0BAQsFADB3MS0wKwYDVQQuEyRkYjhi\nOTRlZC0xYzdlLTQxNGEtYTFkNC0yMzFmNGIxNGJhNmUxIzAhBgNVBAMTGkdvb2ds\nZSBDbG91ZCBTUUwgU2VydmVyIENBMRQwEgYDVQQKEwtHb29nbGUsIEluYzELMAkG\nA1UEBhMCVVMwHhcNMTkxMDE2MDY1NDM2WhcNMjkxMDEzMDY1NTM2WjB3MS0wKwYD\nVQQuEyRkYjhiOTRlZC0xYzdlLTQxNGEtYTFkNC0yMzFmNGIxNGJhNmUxIzAhBgNV\nBAMTGkdvb2dsZSBDbG91ZCBTUUwgU2VydmVyIENBMRQwEgYDVQQKEwtHb29nbGUs\nIEluYzELMAkGA1UEBhMCVVMwggEiMA0GCSqGSIb3DQEBAQUAA4IBDwAwggEKAoIB\nAQCelDvmcMDCO4bA1XtP8CQjK5I7XBd3pvjN+vCguQ1xe4MhKCXstEICbztSKE7X\nTcGLJZk9KKTcbiSmKT4cLWCNGvou+gOIkpWRMMSFxyQ0IzDWdtIQv7WieDEXebC1\nsMmtyu/pIlaEwVXVSmfh749BiOh/MxGIq7p/zuSLDpBZnc0EPmhW8Rh21SyxKc18\nJ4c9hwP5g7IzismxYh4Lmm6c7ZLdA6ZQLJJIYaasvc6meDd0PLNZWIVEY/wNrnew\nZuVgiOsZ35q/NVwt7dM7NNOQZCMvkzWlVnRnoSgXiaVritN9J1Vdzpzro81kSsMJ\nF9ViZEO5aL9+h2rHhcwF24P3AgMBAAGjFjAUMBIGA1UdEwEB/wQIMAYBAf8CAQAw\nDQYJKoZIhvcNAQELBQADggEBAEUxs/08Gglwr1SzfKkOTApfeJIrFK23M0GfAQx5\ng/8aYJ8ENj/91OhWkpzB35JL/eZ0N7igZRMZbqJxsOfc1D6jlqY9TOqHT1e0tGRR\nxQO8isPk5bjq6Us+MgQj2pqkd7sLwmfm5VmbYg8lhGrWUyRIwe1OrnFV2HshML3o\n52WcB1EhrhmPDzCScAcAd7Jh6ekeEC61NOyiMmOP91r4FERPXW6lnD6ZjPpk+tRj\ntYtsXgRqreU10hkki6Q8+9YxfxTvOBebciXgbsSND4u2B8fiPi8E3qYqT2YWlJo3\nykRfxOlKZzQDxQIMfWQfmzeqdnIsYcthdRR86cOkLQ6vCkw=\n-----END CERTIFICATE-----",
                            "server_ca_cert.0.common_name": "C=US,O=Google\\, Inc,CN=Google Cloud SQL Server CA,dnQualifier=db8b94ed-1c7e-414a-a1d4-231f4b14ba6e",
                            "server_ca_cert.0.create_time": "2019-10-16T06:54:36.790Z",
                            "server_ca_cert.0.expiration_time": "2029-10-13T06:55:36.790Z",
                            "server_ca_cert.0.sha1_fingerprint": "843dfa03d44abc9e87debb91c43d0405eef6f8ac",
                            "service_account_email_address": "p706074789964-r9bf9k@gcp-sa-cloud-sql.iam.gserviceaccount.com",
                            "settings.#": "1",
                            "settings.0.activation_policy": "ALWAYS",
                            "settings.0.authorized_gae_applications.#": "0",
                            "settings.0.availability_type": "",
                            "settings.0.backup_configuration.#": "1",
                            "settings.0.backup_configuration.0.binary_log_enabled": "false",
                            "settings.0.backup_configuration.0.enabled": "false",
                            "settings.0.backup_configuration.0.start_time": "15:00",
                            "settings.0.crash_safe_replication": "false",
                            "settings.0.database_flags.#": "0",
                            "settings.0.disk_autoresize": "true",
                            "settings.0.disk_size": "10",
                            "settings.0.disk_type": "PD_SSD",
                            "settings.0.ip_configuration.#": "1",
                            "settings.0.ip_configuration.0.authorized_networks.#": "0",
                            "settings.0.ip_configuration.0.ipv4_enabled": "true",
                            "settings.0.ip_configuration.0.private_network": "",
                            "settings.0.ip_configuration.0.require_ssl": "false",
                            "settings.0.location_preference.#": "1",
                            "settings.0.location_preference.0.follow_gae_application": "",
                            "settings.0.location_preference.0.zone": "asia-southeast1-a",
                            "settings.0.maintenance_window.#": "0",
                            "settings.0.pricing_plan": "PER_USE",
                            "settings.0.replication_type": "SYNCHRONOUS",
                            "settings.0.tier": "db-f1-micro",
                            "settings.0.user_labels.%": "0",
                            "settings.0.version": "1"
                        },
                        "meta": {
                            "e2bfb730-ecaa-11e6-8f88-34363bc7c4c0": {
                                "create": 1200000000000,
                                "delete": 1200000000000,
                                "update": 1200000000000
                            }
                        },
                        "tainted": false
                    },
                    "deposed": [],
                    "provider": "provider.google"
                }
            },
            "depends_on": []
        },
        {
            "path": [
                "root",
                "vpc"
            ],
            "outputs": {},
            "resources": {
                "google_compute_network.vpc_network": {
                    "type": "google_compute_network",
                    "depends_on": [],
                    "primary": {
                        "id": "vpc-network",
                        "attributes": {
                            "auto_create_subnetworks": "false",
                            "delete_default_routes_on_create": "false",
                            "description": "",
                            "gateway_ipv4": "",
                            "id": "vpc-network",
                            "ipv4_range": "",
                            "name": "vpc-network",
                            "project": "vpc-mysql-gke-demo",
                            "routing_mode": "REGIONAL",
                            "self_link": "https://www.googleapis.com/compute/v1/projects/vpc-mysql-gke-demo/global/networks/vpc-network"
                        },
                        "meta": {
                            "e2bfb730-ecaa-11e6-8f88-34363bc7c4c0": {
                                "create": 240000000000,
                                "delete": 240000000000,
                                "update": 240000000000
                            }
                        },
                        "tainted": false
                    },
                    "deposed": [],
                    "provider": "provider.google"
                }
            },
            "depends_on": []
        }
    ]
}
